{
    "name": "your-app-name",
    "version": "1.0.0",
    "lockfileVersion": 3,
    "requires": true,
    "packages": {
        "": {
            "name": "your-app-name",
            "version": "1.0.0",
            "engines": {
                "node": "18.16.0",
                "npm": "9.5.1"
            }
        }
    }
}
